// !$*UTF8*$!
{
	archiveVersion = 1;
	classes = {
	};
	objectVersion = 50;
	objects = {

/* Begin PBXBuildFile section */
		D361456CCC1F68FCF4975025 /* Pods_MetroHelper.framework in Frameworks */ = {isa = PBXBuildFile; fileRef = 77F3D3BD3F04BD0D5EE5B31C /* Pods_MetroHelper.framework */; };
		D52BFF1321DEFBAF006A7058 /* StopTableViewController.swift in Sources */ = {isa = PBXBuildFile; fileRef = D52BFF1221DEFBAF006A7058 /* StopTableViewController.swift */; };
		D52BFF1721DEFD48006A7058 /* StopTableViewCell.swift in Sources */ = {isa = PBXBuildFile; fileRef = D52BFF1621DEFD48006A7058 /* StopTableViewCell.swift */; };
		D54DCE5A21E4627700F5E0F1 /* UIView+Designable.swift in Sources */ = {isa = PBXBuildFile; fileRef = D54DCE5921E4627700F5E0F1 /* UIView+Designable.swift */; };
		D54DCE6021E4674600F5E0F1 /* UserData.swift in Sources */ = {isa = PBXBuildFile; fileRef = D54DCE5F21E4674600F5E0F1 /* UserData.swift */; };
		D54DCE6321E46E6F00F5E0F1 /* LAMetro.swift in Sources */ = {isa = PBXBuildFile; fileRef = D54DCE6221E46E6F00F5E0F1 /* LAMetro.swift */; };
		D56E2A7A21DEF6FD009826FB /* AppDelegate.swift in Sources */ = {isa = PBXBuildFile; fileRef = D56E2A7921DEF6FD009826FB /* AppDelegate.swift */; };
		D56E2A7F21DEF6FD009826FB /* Main.storyboard in Resources */ = {isa = PBXBuildFile; fileRef = D56E2A7D21DEF6FD009826FB /* Main.storyboard */; };
		D56E2A8121DEF6FF009826FB /* Assets.xcassets in Resources */ = {isa = PBXBuildFile; fileRef = D56E2A8021DEF6FF009826FB /* Assets.xcassets */; };
		D56E2A8421DEF6FF009826FB /* LaunchScreen.storyboard in Resources */ = {isa = PBXBuildFile; fileRef = D56E2A8221DEF6FF009826FB /* LaunchScreen.storyboard */; };
		D58CCADF21ED1D1E00F52A99 /* PredictionTableViewCell.swift in Sources */ = {isa = PBXBuildFile; fileRef = D58CCADE21ED1D1E00F52A99 /* PredictionTableViewCell.swift */; };
		D58CCAE521ED23DC00F52A99 /* Stop.swift in Sources */ = {isa = PBXBuildFile; fileRef = D58CCAE421ED23DC00F52A99 /* Stop.swift */; };
		D58CCAE721ED270400F52A99 /* Prediction.swift in Sources */ = {isa = PBXBuildFile; fileRef = D58CCAE621ED270400F52A99 /* Prediction.swift */; };
		D58CCAEA21ED451800F52A99 /* PredictionData.swift in Sources */ = {isa = PBXBuildFile; fileRef = D58CCAE921ED451800F52A99 /* PredictionData.swift */; };
/* End PBXBuildFile section */

/* Begin PBXFileReference section */
		77F3D3BD3F04BD0D5EE5B31C /* Pods_MetroHelper.framework */ = {isa = PBXFileReference; explicitFileType = wrapper.framework; includeInIndex = 0; path = Pods_MetroHelper.framework; sourceTree = BUILT_PRODUCTS_DIR; };
		D52BFF1221DEFBAF006A7058 /* StopTableViewController.swift */ = {isa = PBXFileReference; lastKnownFileType = sourcecode.swift; path = StopTableViewController.swift; sourceTree = "<group>"; };
		D52BFF1621DEFD48006A7058 /* StopTableViewCell.swift */ = {isa = PBXFileReference; lastKnownFileType = sourcecode.swift; path = StopTableViewCell.swift; sourceTree = "<group>"; };
		D54DCE5921E4627700F5E0F1 /* UIView+Designable.swift */ = {isa = PBXFileReference; lastKnownFileType = sourcecode.swift; path = "UIView+Designable.swift"; sourceTree = "<group>"; };
		D54DCE5F21E4674600F5E0F1 /* UserData.swift */ = {isa = PBXFileReference; lastKnownFileType = sourcecode.swift; path = UserData.swift; sourceTree = "<group>"; };
		D54DCE6221E46E6F00F5E0F1 /* LAMetro.swift */ = {isa = PBXFileReference; lastKnownFileType = sourcecode.swift; path = LAMetro.swift; sourceTree = "<group>"; };
		D56E2A7621DEF6FD009826FB /* MetroHelper.app */ = {isa = PBXFileReference; explicitFileType = wrapper.application; includeInIndex = 0; path = MetroHelper.app; sourceTree = BUILT_PRODUCTS_DIR; };
		D56E2A7921DEF6FD009826FB /* AppDelegate.swift */ = {isa = PBXFileReference; lastKnownFileType = sourcecode.swift; path = AppDelegate.swift; sourceTree = "<group>"; };
		D56E2A7E21DEF6FD009826FB /* Base */ = {isa = PBXFileReference; lastKnownFileType = file.storyboard; name = Base; path = Base.lproj/Main.storyboard; sourceTree = "<group>"; };
		D56E2A8021DEF6FF009826FB /* Assets.xcassets */ = {isa = PBXFileReference; lastKnownFileType = folder.assetcatalog; path = Assets.xcassets; sourceTree = "<group>"; };
		D56E2A8321DEF6FF009826FB /* Base */ = {isa = PBXFileReference; lastKnownFileType = file.storyboard; name = Base; path = Base.lproj/LaunchScreen.storyboard; sourceTree = "<group>"; };
		D56E2A8521DEF6FF009826FB /* Info.plist */ = {isa = PBXFileReference; lastKnownFileType = text.plist.xml; path = Info.plist; sourceTree = "<group>"; };
		D58CCADE21ED1D1E00F52A99 /* PredictionTableViewCell.swift */ = {isa = PBXFileReference; lastKnownFileType = sourcecode.swift; path = PredictionTableViewCell.swift; sourceTree = "<group>"; };
		D58CCAE421ED23DC00F52A99 /* Stop.swift */ = {isa = PBXFileReference; lastKnownFileType = sourcecode.swift; path = Stop.swift; sourceTree = "<group>"; };
		D58CCAE621ED270400F52A99 /* Prediction.swift */ = {isa = PBXFileReference; lastKnownFileType = sourcecode.swift; path = Prediction.swift; sourceTree = "<group>"; };
		D58CCAE921ED451800F52A99 /* PredictionData.swift */ = {isa = PBXFileReference; lastKnownFileType = sourcecode.swift; path = PredictionData.swift; sourceTree = "<group>"; };
		EBB7826033A46C38DC1D02F5 /* Pods-MetroHelper.debug.xcconfig */ = {isa = PBXFileReference; includeInIndex = 1; lastKnownFileType = text.xcconfig; name = "Pods-MetroHelper.debug.xcconfig"; path = "Target Support Files/Pods-MetroHelper/Pods-MetroHelper.debug.xcconfig"; sourceTree = "<group>"; };
		F09E871BD6125752F646DBFF /* Pods-MetroHelper.release.xcconfig */ = {isa = PBXFileReference; includeInIndex = 1; lastKnownFileType = text.xcconfig; name = "Pods-MetroHelper.release.xcconfig"; path = "Target Support Files/Pods-MetroHelper/Pods-MetroHelper.release.xcconfig"; sourceTree = "<group>"; };
/* End PBXFileReference section */

/* Begin PBXFrameworksBuildPhase section */
		D56E2A7321DEF6FD009826FB /* Frameworks */ = {
			isa = PBXFrameworksBuildPhase;
			buildActionMask = 2147483647;
			files = (
				D361456CCC1F68FCF4975025 /* Pods_MetroHelper.framework in Frameworks */,
			);
			runOnlyForDeploymentPostprocessing = 0;
		};
/* End PBXFrameworksBuildPhase section */

/* Begin PBXGroup section */
		5C66A0F9BF42C14AF086078A /* Frameworks */ = {
			isa = PBXGroup;
			children = (
				77F3D3BD3F04BD0D5EE5B31C /* Pods_MetroHelper.framework */,
			);
			name = Frameworks;
			sourceTree = "<group>";
		};
		759C7143002902D465A221B0 /* Pods */ = {
			isa = PBXGroup;
			children = (
				EBB7826033A46C38DC1D02F5 /* Pods-MetroHelper.debug.xcconfig */,
				F09E871BD6125752F646DBFF /* Pods-MetroHelper.release.xcconfig */,
			);
			path = Pods;
			sourceTree = "<group>";
		};
		D52BFF0F21DEFAA5006A7058 /* Views */ = {
			isa = PBXGroup;
			children = (
				D52BFF1521DEFD24006A7058 /* Cells */,
				D56E2A7D21DEF6FD009826FB /* Main.storyboard */,
				D56E2A8221DEF6FF009826FB /* LaunchScreen.storyboard */,
			);
			path = Views;
			sourceTree = "<group>";
		};
		D52BFF1021DEFACB006A7058 /* Controllers */ = {
			isa = PBXGroup;
			children = (
				D52BFF1221DEFBAF006A7058 /* StopTableViewController.swift */,
			);
			path = Controllers;
			sourceTree = "<group>";
		};
		D52BFF1121DEFAE7006A7058 /* Models */ = {
			isa = PBXGroup;
			children = (
				D58CCAE421ED23DC00F52A99 /* Stop.swift */,
				D58CCAE621ED270400F52A99 /* Prediction.swift */,
			);
			path = Models;
			sourceTree = "<group>";
		};
		D52BFF1521DEFD24006A7058 /* Cells */ = {
			isa = PBXGroup;
			children = (
				D52BFF1621DEFD48006A7058 /* StopTableViewCell.swift */,
				D58CCADE21ED1D1E00F52A99 /* PredictionTableViewCell.swift */,
			);
			path = Cells;
			sourceTree = "<group>";
		};
		D54DCE5821E4624900F5E0F1 /* Helpers */ = {
			isa = PBXGroup;
			children = (
				D54DCE6121E46E3B00F5E0F1 /* Constants */,
				D54DCE5C21E4656800F5E0F1 /* Fixtures */,
				D54DCE5B21E4655F00F5E0F1 /* Extensions */,
			);
			path = Helpers;
			sourceTree = "<group>";
		};
		D54DCE5B21E4655F00F5E0F1 /* Extensions */ = {
			isa = PBXGroup;
			children = (
				D54DCE5921E4627700F5E0F1 /* UIView+Designable.swift */,
			);
			path = Extensions;
			sourceTree = "<group>";
		};
		D54DCE5C21E4656800F5E0F1 /* Fixtures */ = {
			isa = PBXGroup;
			children = (
				D54DCE5F21E4674600F5E0F1 /* UserData.swift */,
				D58CCAE921ED451800F52A99 /* PredictionData.swift */,
			);
			path = Fixtures;
			sourceTree = "<group>";
		};
		D54DCE6121E46E3B00F5E0F1 /* Constants */ = {
			isa = PBXGroup;
			children = (
				D54DCE6221E46E6F00F5E0F1 /* LAMetro.swift */,
			);
			path = Constants;
			sourceTree = "<group>";
		};
		D56E2A6D21DEF6FD009826FB = {
			isa = PBXGroup;
			children = (
				D56E2A7821DEF6FD009826FB /* MetroHelper */,
				D56E2A7721DEF6FD009826FB /* Products */,
				759C7143002902D465A221B0 /* Pods */,
				5C66A0F9BF42C14AF086078A /* Frameworks */,
			);
			sourceTree = "<group>";
		};
		D56E2A7721DEF6FD009826FB /* Products */ = {
			isa = PBXGroup;
			children = (
				D56E2A7621DEF6FD009826FB /* MetroHelper.app */,
			);
			name = Products;
			sourceTree = "<group>";
		};
		D56E2A7821DEF6FD009826FB /* MetroHelper */ = {
			isa = PBXGroup;
			children = (
				D54DCE5821E4624900F5E0F1 /* Helpers */,
				D56E2A7921DEF6FD009826FB /* AppDelegate.swift */,
				D52BFF1121DEFAE7006A7058 /* Models */,
				D52BFF1021DEFACB006A7058 /* Controllers */,
				D52BFF0F21DEFAA5006A7058 /* Views */,
				D56E2A8021DEF6FF009826FB /* Assets.xcassets */,
				D56E2A8521DEF6FF009826FB /* Info.plist */,
			);
			path = MetroHelper;
			sourceTree = "<group>";
		};
/* End PBXGroup section */

/* Begin PBXNativeTarget section */
		D56E2A7521DEF6FD009826FB /* MetroHelper */ = {
			isa = PBXNativeTarget;
			buildConfigurationList = D56E2A8821DEF6FF009826FB /* Build configuration list for PBXNativeTarget "MetroHelper" */;
			buildPhases = (
				7B25BF09C461AB4A946346BF /* [CP] Check Pods Manifest.lock */,
				D56E2A7221DEF6FD009826FB /* Sources */,
				D56E2A7321DEF6FD009826FB /* Frameworks */,
				D56E2A7421DEF6FD009826FB /* Resources */,
				9766B6EB10DE972C19D0D912 /* [CP] Embed Pods Frameworks */,
			);
			buildRules = (
			);
			dependencies = (
			);
			name = MetroHelper;
			productName = MetroHelper;
			productReference = D56E2A7621DEF6FD009826FB /* MetroHelper.app */;
			productType = "com.apple.product-type.application";
		};
/* End PBXNativeTarget section */

/* Begin PBXProject section */
		D56E2A6E21DEF6FD009826FB /* Project object */ = {
			isa = PBXProject;
			attributes = {
				LastSwiftUpdateCheck = 1010;
				LastUpgradeCheck = 1010;
				ORGANIZATIONNAME = "Francis Breidenbach";
				TargetAttributes = {
					D56E2A7521DEF6FD009826FB = {
						CreatedOnToolsVersion = 10.1;
					};
				};
			};
			buildConfigurationList = D56E2A7121DEF6FD009826FB /* Build configuration list for PBXProject "MetroHelper" */;
			compatibilityVersion = "Xcode 9.3";
			developmentRegion = en;
			hasScannedForEncodings = 0;
			knownRegions = (
				en,
				Base,
			);
			mainGroup = D56E2A6D21DEF6FD009826FB;
			productRefGroup = D56E2A7721DEF6FD009826FB /* Products */;
			projectDirPath = "";
			projectRoot = "";
			targets = (
				D56E2A7521DEF6FD009826FB /* MetroHelper */,
			);
		};
/* End PBXProject section */

/* Begin PBXResourcesBuildPhase section */
		D56E2A7421DEF6FD009826FB /* Resources */ = {
			isa = PBXResourcesBuildPhase;
			buildActionMask = 2147483647;
			files = (
				D56E2A8421DEF6FF009826FB /* LaunchScreen.storyboard in Resources */,
				D56E2A8121DEF6FF009826FB /* Assets.xcassets in Resources */,
				D56E2A7F21DEF6FD009826FB /* Main.storyboard in Resources */,
			);
			runOnlyForDeploymentPostprocessing = 0;
		};
/* End PBXResourcesBuildPhase section */

/* Begin PBXShellScriptBuildPhase section */
		7B25BF09C461AB4A946346BF /* [CP] Check Pods Manifest.lock */ = {
			isa = PBXShellScriptBuildPhase;
			buildActionMask = 2147483647;
			files = (
			);
			inputFileListPaths = (
			);
			inputPaths = (
				"${PODS_PODFILE_DIR_PATH}/Podfile.lock",
				"${PODS_ROOT}/Manifest.lock",
			);
			name = "[CP] Check Pods Manifest.lock";
			outputFileListPaths = (
			);
			outputPaths = (
				"$(DERIVED_FILE_DIR)/Pods-MetroHelper-checkManifestLockResult.txt",
			);
			runOnlyForDeploymentPostprocessing = 0;
			shellPath = /bin/sh;
			shellScript = "diff \"${PODS_PODFILE_DIR_PATH}/Podfile.lock\" \"${PODS_ROOT}/Manifest.lock\" > /dev/null\nif [ $? != 0 ] ; then\n    # print error to STDERR\n    echo \"error: The sandbox is not in sync with the Podfile.lock. Run 'pod install' or update your CocoaPods installation.\" >&2\n    exit 1\nfi\n# This output is used by Xcode 'outputs' to avoid re-running this script phase.\necho \"SUCCESS\" > \"${SCRIPT_OUTPUT_FILE_0}\"\n";
			showEnvVarsInLog = 0;
		};
		9766B6EB10DE972C19D0D912 /* [CP] Embed Pods Frameworks */ = {
			isa = PBXShellScriptBuildPhase;
			buildActionMask = 2147483647;
			files = (
			);
			inputFileListPaths = (
			);
			inputPaths = (
				"${PODS_ROOT}/Target Support Files/Pods-MetroHelper/Pods-MetroHelper-frameworks.sh",
				"${BUILT_PRODUCTS_DIR}/Alamofire/Alamofire.framework",
				"${BUILT_PRODUCTS_DIR}/SwiftyJSON/SwiftyJSON.framework",
			);
			name = "[CP] Embed Pods Frameworks";
			outputFileListPaths = (
			);
			outputPaths = (
				"${TARGET_BUILD_DIR}/${FRAMEWORKS_FOLDER_PATH}/Alamofire.framework",
				"${TARGET_BUILD_DIR}/${FRAMEWORKS_FOLDER_PATH}/SwiftyJSON.framework",
			);
			runOnlyForDeploymentPostprocessing = 0;
			shellPath = /bin/sh;
			shellScript = "\"${PODS_ROOT}/Target Support Files/Pods-MetroHelper/Pods-MetroHelper-frameworks.sh\"\n";
			showEnvVarsInLog = 0;
		};
/* End PBXShellScriptBuildPhase section */

/* Begin PBXSourcesBuildPhase section */
		D56E2A7221DEF6FD009826FB /* Sources */ = {
			isa = PBXSourcesBuildPhase;
			buildActionMask = 2147483647;
			files = (
				D54DCE5A21E4627700F5E0F1 /* UIView+Designable.swift in Sources */,
				D56E2A7A21DEF6FD009826FB /* AppDelegate.swift in Sources */,
				D58CCAE721ED270400F52A99 /* Prediction.swift in Sources */,
				D54DCE6321E46E6F00F5E0F1 /* LAMetro.swift in Sources */,
				D58CCAE521ED23DC00F52A99 /* Stop.swift in Sources */,
				D52BFF1721DEFD48006A7058 /* StopTableViewCell.swift in Sources */,
				D58CCADF21ED1D1E00F52A99 /* PredictionTableViewCell.swift in Sources */,
				D54DCE6021E4674600F5E0F1 /* UserData.swift in Sources */,
				D58CCAEA21ED451800F52A99 /* PredictionData.swift in Sources */,
				D52BFF1321DEFBAF006A7058 /* StopTableViewController.swift in Sources */,
			);
			runOnlyForDeploymentPostprocessing = 0;
		};
/* End PBXSourcesBuildPhase section */

/* Begin PBXVariantGroup section */
		D56E2A7D21DEF6FD009826FB /* Main.storyboard */ = {
			isa = PBXVariantGroup;
			children = (
				D56E2A7E21DEF6FD009826FB /* Base */,
			);
			name = Main.storyboard;
			sourceTree = "<group>";
		};
		D56E2A8221DEF6FF009826FB /* LaunchScreen.storyboard */ = {
			isa = PBXVariantGroup;
			children = (
				D56E2A8321DEF6FF009826FB /* Base */,
			);
			name = LaunchScreen.storyboard;
			sourceTree = "<group>";
		};
/* End PBXVariantGroup section */

/* Begin XCBuildConfiguration section */
		D56E2A8621DEF6FF009826FB /* Debug */ = {
			isa = XCBuildConfiguration;
			buildSettings = {
				ALWAYS_SEARCH_USER_PATHS = NO;
				CLANG_ANALYZER_NONNULL = YES;
				CLANG_ANALYZER_NUMBER_OBJECT_CONVERSION = YES_AGGRESSIVE;
				CLANG_CXX_LANGUAGE_STANDARD = "gnu++14";
				CLANG_CXX_LIBRARY = "libc++";
				CLANG_ENABLE_MODULES = YES;
				CLANG_ENABLE_OBJC_ARC = YES;
				CLANG_ENABLE_OBJC_WEAK = YES;
				CLANG_WARN_BLOCK_CAPTURE_AUTORELEASING = YES;
				CLANG_WARN_BOOL_CONVERSION = YES;
				CLANG_WARN_COMMA = YES;
				CLANG_WARN_CONSTANT_CONVERSION = YES;
				CLANG_WARN_DEPRECATED_OBJC_IMPLEMENTATIONS = YES;
				CLANG_WARN_DIRECT_OBJC_ISA_USAGE = YES_ERROR;
				CLANG_WARN_DOCUMENTATION_COMMENTS = YES;
				CLANG_WARN_EMPTY_BODY = YES;
				CLANG_WARN_ENUM_CONVERSION = YES;
				CLANG_WARN_INFINITE_RECURSION = YES;
				CLANG_WARN_INT_CONVERSION = YES;
				CLANG_WARN_NON_LITERAL_NULL_CONVERSION = YES;
				CLANG_WARN_OBJC_IMPLICIT_RETAIN_SELF = YES;
				CLANG_WARN_OBJC_LITERAL_CONVERSION = YES;
				CLANG_WARN_OBJC_ROOT_CLASS = YES_ERROR;
				CLANG_WARN_RANGE_LOOP_ANALYSIS = YES;
				CLANG_WARN_STRICT_PROTOTYPES = YES;
				CLANG_WARN_SUSPICIOUS_MOVE = YES;
				CLANG_WARN_UNGUARDED_AVAILABILITY = YES_AGGRESSIVE;
				CLANG_WARN_UNREACHABLE_CODE = YES;
				CLANG_WARN__DUPLICATE_METHOD_MATCH = YES;
				CODE_SIGN_IDENTITY = "iPhone Developer";
				COPY_PHASE_STRIP = NO;
				DEBUG_INFORMATION_FORMAT = dwarf;
				ENABLE_STRICT_OBJC_MSGSEND = YES;
				ENABLE_TESTABILITY = YES;
				GCC_C_LANGUAGE_STANDARD = gnu11;
				GCC_DYNAMIC_NO_PIC = NO;
				GCC_NO_COMMON_BLOCKS = YES;
				GCC_OPTIMIZATION_LEVEL = 0;
				GCC_PREPROCESSOR_DEFINITIONS = (
					"DEBUG=1",
					"$(inherited)",
				);
				GCC_WARN_64_TO_32_BIT_CONVERSION = YES;
				GCC_WARN_ABOUT_RETURN_TYPE = YES_ERROR;
				GCC_WARN_UNDECLARED_SELECTOR = YES;
				GCC_WARN_UNINITIALIZED_AUTOS = YES_AGGRESSIVE;
				GCC_WARN_UNUSED_FUNCTION = YES;
				GCC_WARN_UNUSED_VARIABLE = YES;
				IPHONEOS_DEPLOYMENT_TARGET = 12.1;
				MTL_ENABLE_DEBUG_INFO = INCLUDE_SOURCE;
				MTL_FAST_MATH = YES;
				ONLY_ACTIVE_ARCH = YES;
				SDKROOT = iphoneos;
				SWIFT_ACTIVE_COMPILATION_CONDITIONS = DEBUG;
				SWIFT_OPTIMIZATION_LEVEL = "-Onone";
			};
			name = Debug;
		};
		D56E2A8721DEF6FF009826FB /* Release */ = {
			isa = XCBuildConfiguration;
			buildSettings = {
				ALWAYS_SEARCH_USER_PATHS = NO;
				CLANG_ANALYZER_NONNULL = YES;
				CLANG_ANALYZER_NUMBER_OBJECT_CONVERSION = YES_AGGRESSIVE;
				CLANG_CXX_LANGUAGE_STANDARD = "gnu++14";
				CLANG_CXX_LIBRARY = "libc++";
				CLANG_ENABLE_MODULES = YES;
				CLANG_ENABLE_OBJC_ARC = YES;
				CLANG_ENABLE_OBJC_WEAK = YES;
				CLANG_WARN_BLOCK_CAPTURE_AUTORELEASING = YES;
				CLANG_WARN_BOOL_CONVERSION = YES;
				CLANG_WARN_COMMA = YES;
				CLANG_WARN_CONSTANT_CONVERSION = YES;
				CLANG_WARN_DEPRECATED_OBJC_IMPLEMENTATIONS = YES;
				CLANG_WARN_DIRECT_OBJC_ISA_USAGE = YES_ERROR;
				CLANG_WARN_DOCUMENTATION_COMMENTS = YES;
				CLANG_WARN_EMPTY_BODY = YES;
				CLANG_WARN_ENUM_CONVERSION = YES;
				CLANG_WARN_INFINITE_RECURSION = YES;
				CLANG_WARN_INT_CONVERSION = YES;
				CLANG_WARN_NON_LITERAL_NULL_CONVERSION = YES;
				CLANG_WARN_OBJC_IMPLICIT_RETAIN_SELF = YES;
				CLANG_WARN_OBJC_LITERAL_CONVERSION = YES;
				CLANG_WARN_OBJC_ROOT_CLASS = YES_ERROR;
				CLANG_WARN_RANGE_LOOP_ANALYSIS = YES;
				CLANG_WARN_STRICT_PROTOTYPES = YES;
				CLANG_WARN_SUSPICIOUS_MOVE = YES;
				CLANG_WARN_UNGUARDED_AVAILABILITY = YES_AGGRESSIVE;
				CLANG_WARN_UNREACHABLE_CODE = YES;
				CLANG_WARN__DUPLICATE_METHOD_MATCH = YES;
				CODE_SIGN_IDENTITY = "iPhone Developer";
				COPY_PHASE_STRIP = NO;
				DEBUG_INFORMATION_FORMAT = "dwarf-with-dsym";
				ENABLE_NS_ASSERTIONS = NO;
				ENABLE_STRICT_OBJC_MSGSEND = YES;
				GCC_C_LANGUAGE_STANDARD = gnu11;
				GCC_NO_COMMON_BLOCKS = YES;
				GCC_WARN_64_TO_32_BIT_CONVERSION = YES;
				GCC_WARN_ABOUT_RETURN_TYPE = YES_ERROR;
				GCC_WARN_UNDECLARED_SELECTOR = YES;
				GCC_WARN_UNINITIALIZED_AUTOS = YES_AGGRESSIVE;
				GCC_WARN_UNUSED_FUNCTION = YES;
				GCC_WARN_UNUSED_VARIABLE = YES;
				IPHONEOS_DEPLOYMENT_TARGET = 12.1;
				MTL_ENABLE_DEBUG_INFO = NO;
				MTL_FAST_MATH = YES;
				SDKROOT = iphoneos;
				SWIFT_COMPILATION_MODE = wholemodule;
				SWIFT_OPTIMIZATION_LEVEL = "-O";
				VALIDATE_PRODUCT = YES;
			};
			name = Release;
		};
		D56E2A8921DEF6FF009826FB /* Debug */ = {
			isa = XCBuildConfiguration;
			baseConfigurationReference = EBB7826033A46C38DC1D02F5 /* Pods-MetroHelper.debug.xcconfig */;
			buildSettings = {
				ASSETCATALOG_COMPILER_APPICON_NAME = AppIcon;
				CODE_SIGN_STYLE = Automatic;
				DEVELOPMENT_TEAM = WA3KPNE52J;
				INFOPLIST_FILE = MetroHelper/Info.plist;
				IPHONEOS_DEPLOYMENT_TARGET = 12.0;
				LD_RUNPATH_SEARCH_PATHS = (
					"$(inherited)",
					"@executable_path/Frameworks",
				);
				PRODUCT_BUNDLE_IDENTIFIER = com.fbreidenbach.MetroHelper;
				PRODUCT_NAME = "$(TARGET_NAME)";
				SWIFT_VERSION = 4.2;
				TARGETED_DEVICE_FAMILY = 1;
			};
			name = Debug;
		};
		D56E2A8A21DEF6FF009826FB /* Release */ = {
			isa = XCBuildConfiguration;
			baseConfigurationReference = F09E871BD6125752F646DBFF /* Pods-MetroHelper.release.xcconfig */;
			buildSettings = {
				ASSETCATALOG_COMPILER_APPICON_NAME = AppIcon;
				CODE_SIGN_STYLE = Automatic;
				DEVELOPMENT_TEAM = WA3KPNE52J;
				INFOPLIST_FILE = MetroHelper/Info.plist;
				IPHONEOS_DEPLOYMENT_TARGET = 12.0;
				LD_RUNPATH_SEARCH_PATHS = (
					"$(inherited)",
					"@executable_path/Frameworks",
				);
				PRODUCT_BUNDLE_IDENTIFIER = com.fbreidenbach.MetroHelper;
				PRODUCT_NAME = "$(TARGET_NAME)";
				SWIFT_VERSION = 4.2;
				TARGETED_DEVICE_FAMILY = 1;
			};
			name = Release;
		};
/* End XCBuildConfiguration section */

/* Begin XCConfigurationList section */
		D56E2A7121DEF6FD009826FB /* Build configuration list for PBXProject "MetroHelper" */ = {
			isa = XCConfigurationList;
			buildConfigurations = (
				D56E2A8621DEF6FF009826FB /* Debug */,
				D56E2A8721DEF6FF009826FB /* Release */,
			);
			defaultConfigurationIsVisible = 0;
			defaultConfigurationName = Release;
		};
		D56E2A8821DEF6FF009826FB /* Build configuration list for PBXNativeTarget "MetroHelper" */ = {
			isa = XCConfigurationList;
			buildConfigurations = (
				D56E2A8921DEF6FF009826FB /* Debug */,
				D56E2A8A21DEF6FF009826FB /* Release */,
			);
			defaultConfigurationIsVisible = 0;
			defaultConfigurationName = Release;
		};
/* End XCConfigurationList section */
	};
	rootObject = D56E2A6E21DEF6FD009826FB /* Project object */;
}
